
Microsoft Visual Studio Solution File, Format Version 12.00
# Visual Studio 15
VisualStudioVersion = 15.0.27130.2010
MinimumVisualStudioVersion = 10.0.40219.1
Project("{9A19103F-16F7-4668-BE54-9A1E7A4F7556}") = "ReactChatDemo", "ReactChatDemo\ReactChatDemo.csproj", "{FDC04FCF-FD65-4C2F-B1D4-E6F786229ACC}"
EndProject
Project("{FAE04EC0-301F-11D3-BF4B-00C04F79EFBC}") = "ReactChatDemoIdentities", "ReactChatDemoIdentities\ReactChatDemoIdentities.csproj", "{0379AEE7-74ED-4ADE-ADB7-DBAB59BE6220}"
EndProject
Global
	GlobalSection(SolutionConfigurationPlatforms) = preSolution
		Debug|Any CPU = Debug|Any CPU
		Release|Any CPU = Release|Any CPU
	EndGlobalSection
	GlobalSection(ProjectConfigurationPlatforms) = postSolution
		{FDC04FCF-FD65-4C2F-B1D4-E6F786229ACC}.Debug|Any CPU.ActiveCfg = Debug|Any CPU
		{FDC04FCF-FD65-4C2F-B1D4-E6F786229ACC}.Debug|Any CPU.Build.0 = Debug|Any CPU
		{FDC04FCF-FD65-4C2F-B1D4-E6F786229ACC}.Release|Any CPU.ActiveCfg = Release|Any CPU
		{FDC04FCF-FD65-4C2F-B1D4-E6F786229ACC}.Release|Any CPU.Build.0 = Release|Any CPU
		{0379AEE7-74ED-4ADE-ADB7-DBAB59BE6220}.Debug|Any CPU.ActiveCfg = Debug|Any CPU
		{0379AEE7-74ED-4ADE-ADB7-DBAB59BE6220}.Debug|Any CPU.Build.0 = Debug|Any CPU
		{0379AEE7-74ED-4ADE-ADB7-DBAB59BE6220}.Release|Any CPU.ActiveCfg = Release|Any CPU
		{0379AEE7-74ED-4ADE-ADB7-DBAB59BE6220}.Release|Any CPU.Build.0 = Release|Any CPU
	EndGlobalSection
	GlobalSection(SolutionProperties) = preSolution
		HideSolutionNode = FALSE
	EndGlobalSection
	GlobalSection(ExtensibilityGlobals) = postSolution
		SolutionGuid = {7B4793EC-E665-45D5-96FC-BDD3DC175D51}
	EndGlobalSection
EndGlobal
